// !$*UTF8*$!
{
	archiveVersion = 1;
	classes = {
	};
	objectVersion = 46;
	objects = {

/* Begin PBXBuildFile section */
		B8DC514C179858E2004EF89C /* UIKit.framework in Frameworks */ = {isa = PBXBuildFile; fileRef = B8DC514B179858E2004EF89C /* UIKit.framework */; };
		B8DC514E179858E2004EF89C /* Foundation.framework in Frameworks */ = {isa = PBXBuildFile; fileRef = B8DC514D179858E2004EF89C /* Foundation.framework */; };
		B8DC5150179858E2004EF89C /* CoreGraphics.framework in Frameworks */ = {isa = PBXBuildFile; fileRef = B8DC514F179858E2004EF89C /* CoreGraphics.framework */; };
		B8DC5156179858E2004EF89C /* InfoPlist.strings in Resources */ = {isa = PBXBuildFile; fileRef = B8DC5154179858E2004EF89C /* InfoPlist.strings */; };
		B8DC5158179858E2004EF89C /* main.m in Sources */ = {isa = PBXBuildFile; fileRef = B8DC5157179858E2004EF89C /* main.m */; };
		B8DC515C179858E2004EF89C /* AppDelegate.m in Sources */ = {isa = PBXBuildFile; fileRef = B8DC515B179858E2004EF89C /* AppDelegate.m */; };
		B8DC515E179858E2004EF89C /* Default.png in Resources */ = {isa = PBXBuildFile; fileRef = B8DC515D179858E2004EF89C /* Default.png */; };
		B8DC5160179858E2004EF89C /* Default@2x.png in Resources */ = {isa = PBXBuildFile; fileRef = B8DC515F179858E2004EF89C /* Default@2x.png */; };
		B8DC5162179858E2004EF89C /* Default-568h@2x.png in Resources */ = {isa = PBXBuildFile; fileRef = B8DC5161179858E2004EF89C /* Default-568h@2x.png */; };
		B8DC5165179858E2004EF89C /* ViewController.m in Sources */ = {isa = PBXBuildFile; fileRef = B8DC5164179858E2004EF89C /* ViewController.m */; };
		B8DC5168179858E2004EF89C /* ViewController.xib in Resources */ = {isa = PBXBuildFile; fileRef = B8DC5166179858E2004EF89C /* ViewController.xib */; };
		B8DC5170179858FB004EF89C /* MyView.m in Sources */ = {isa = PBXBuildFile; fileRef = B8DC516F179858FB004EF89C /* MyView.m */; };
/* End PBXBuildFile section */

/* Begin PBXFileReference section */
		B8DC5148179858E2004EF89C /* Touches.app */ = {isa = PBXFileReference; explicitFileType = wrapper.application; includeInIndex = 0; path = Touches.app; sourceTree = BUILT_PRODUCTS_DIR; };
		B8DC514B179858E2004EF89C /* UIKit.framework */ = {isa = PBXFileReference; lastKnownFileType = wrapper.framework; name = UIKit.framework; path = System/Library/Frameworks/UIKit.framework; sourceTree = SDKROOT; };
		B8DC514D179858E2004EF89C /* Foundation.framework */ = {isa = PBXFileReference; lastKnownFileType = wrapper.framework; name = Foundation.framework; path = System/Library/Frameworks/Foundation.framework; sourceTree = SDKROOT; };
		B8DC514F179858E2004EF89C /* CoreGraphics.framework */ = {isa = PBXFileReference; lastKnownFileType = wrapper.framework; name = CoreGraphics.framework; path = System/Library/Frameworks/CoreGraphics.framework; sourceTree = SDKROOT; };
		B8DC5153179858E2004EF89C /* Touches-Info.plist */ = {isa = PBXFileReference; lastKnownFileType = text.plist.xml; path = "Touches-Info.plist"; sourceTree = "<group>"; };
		B8DC5155179858E2004EF89C /* en */ = {isa = PBXFileReference; lastKnownFileType = text.plist.strings; name = en; path = en.lproj/InfoPlist.strings; sourceTree = "<group>"; };
		B8DC5157179858E2004EF89C /* main.m */ = {isa = PBXFileReference; lastKnownFileType = sourcecode.c.objc; path = main.m; sourceTree = "<group>"; };
		B8DC5159179858E2004EF89C /* Touches-Prefix.pch */ = {isa = PBXFileReference; lastKnownFileType = sourcecode.c.h; path = "Touches-Prefix.pch"; sourceTree = "<group>"; };
		B8DC515A179858E2004EF89C /* AppDelegate.h */ = {isa = PBXFileReference; lastKnownFileType = sourcecode.c.h; path = AppDelegate.h; sourceTree = "<group>"; };
		B8DC515B179858E2004EF89C /* AppDelegate.m */ = {isa = PBXFileReference; lastKnownFileType = sourcecode.c.objc; path = AppDelegate.m; sourceTree = "<group>"; };
		B8DC515D179858E2004EF89C /* Default.png */ = {isa = PBXFileReference; lastKnownFileType = image.png; path = Default.png; sourceTree = "<group>"; };
		B8DC515F179858E2004EF89C /* Default@2x.png */ = {isa = PBXFileReference; lastKnownFileType = image.png; path = "Default@2x.png"; sourceTree = "<group>"; };
		B8DC5161179858E2004EF89C /* Default-568h@2x.png */ = {isa = PBXFileReference; lastKnownFileType = image.png; path = "Default-568h@2x.png"; sourceTree = "<group>"; };
		B8DC5163179858E2004EF89C /* ViewController.h */ = {isa = PBXFileReference; lastKnownFileType = sourcecode.c.h; path = ViewController.h; sourceTree = "<group>"; };
		B8DC5164179858E2004EF89C /* ViewController.m */ = {isa = PBXFileReference; lastKnownFileType = sourcecode.c.objc; path = ViewController.m; sourceTree = "<group>"; };
		B8DC5167179858E2004EF89C /* en */ = {isa = PBXFileReference; lastKnownFileType = file.xib; name = en; path = en.lproj/ViewController.xib; sourceTree = "<group>"; };
		B8DC516E179858FB004EF89C /* MyView.h */ = {isa = PBXFileReference; fileEncoding = 4; lastKnownFileType = sourcecode.c.h; path = MyView.h; sourceTree = "<group>"; };
		B8DC516F179858FB004EF89C /* MyView.m */ = {isa = PBXFileReference; fileEncoding = 4; lastKnownFileType = sourcecode.c.objc; path = MyView.m; sourceTree = "<group>"; };
		B8DC5171179861D9004EF89C /* MatchDelegate.h */ = {isa = PBXFileReference; lastKnownFileType = sourcecode.c.h; path = MatchDelegate.h; sourceTree = "<group>"; };
/* End PBXFileReference section */

/* Begin PBXFrameworksBuildPhase section */
		B8DC5145179858E2004EF89C /* Frameworks */ = {
			isa = PBXFrameworksBuildPhase;
			buildActionMask = 2147483647;
			files = (
				B8DC514C179858E2004EF89C /* UIKit.framework in Frameworks */,
				B8DC514E179858E2004EF89C /* Foundation.framework in Frameworks */,
				B8DC5150179858E2004EF89C /* CoreGraphics.framework in Frameworks */,
			);
			runOnlyForDeploymentPostprocessing = 0;
		};
/* End PBXFrameworksBuildPhase section */

/* Begin PBXGroup section */
		B8DC513F179858E2004EF89C = {
			isa = PBXGroup;
			children = (
				B8DC5151179858E2004EF89C /* Touches */,
				B8DC514A179858E2004EF89C /* Frameworks */,
				B8DC5149179858E2004EF89C /* Products */,
			);
			sourceTree = "<group>";
		};
		B8DC5149179858E2004EF89C /* Products */ = {
			isa = PBXGroup;
			children = (
				B8DC5148179858E2004EF89C /* Touches.app */,
			);
			name = Products;
			sourceTree = "<group>";
		};
		B8DC514A179858E2004EF89C /* Frameworks */ = {
			isa = PBXGroup;
			children = (
				B8DC514B179858E2004EF89C /* UIKit.framework */,
				B8DC514D179858E2004EF89C /* Foundation.framework */,
				B8DC514F179858E2004EF89C /* CoreGraphics.framework */,
			);
			name = Frameworks;
			sourceTree = "<group>";
		};
		B8DC5151179858E2004EF89C /* Touches */ = {
			isa = PBXGroup;
			children = (
				B8DC515A179858E2004EF89C /* AppDelegate.h */,
				B8DC515B179858E2004EF89C /* AppDelegate.m */,
				B8DC5163179858E2004EF89C /* ViewController.h */,
				B8DC5164179858E2004EF89C /* ViewController.m */,
				B8DC5166179858E2004EF89C /* ViewController.xib */,
				B8DC516E179858FB004EF89C /* MyView.h */,
				B8DC516F179858FB004EF89C /* MyView.m */,
				B8DC5171179861D9004EF89C /* MatchDelegate.h */,
				B8DC5152179858E2004EF89C /* Supporting Files */,
			);
			path = Touches;
			sourceTree = "<group>";
		};
		B8DC5152179858E2004EF89C /* Supporting Files */ = {
			isa = PBXGroup;
			children = (
				B8DC5153179858E2004EF89C /* Touches-Info.plist */,
				B8DC5154179858E2004EF89C /* InfoPlist.strings */,
				B8DC5157179858E2004EF89C /* main.m */,
				B8DC5159179858E2004EF89C /* Touches-Prefix.pch */,
				B8DC515D179858E2004EF89C /* Default.png */,
				B8DC515F179858E2004EF89C /* Default@2x.png */,
				B8DC5161179858E2004EF89C /* Default-568h@2x.png */,
			);
			name = "Supporting Files";
			sourceTree = "<group>";
		};
/* End PBXGroup section */

/* Begin PBXNativeTarget section */
		B8DC5147179858E2004EF89C /* Touches */ = {
			isa = PBXNativeTarget;
			buildConfigurationList = B8DC516B179858E2004EF89C /* Build configuration list for PBXNativeTarget "Touches" */;
			buildPhases = (
				B8DC5144179858E2004EF89C /* Sources */,
				B8DC5145179858E2004EF89C /* Frameworks */,
				B8DC5146179858E2004EF89C /* Resources */,
			);
			buildRules = (
			);
			dependencies = (
			);
			name = Touches;
			productName = Touches;
			productReference = B8DC5148179858E2004EF89C /* Touches.app */;
			productType = "com.apple.product-type.application";
		};
/* End PBXNativeTarget section */

/* Begin PBXProject section */
		B8DC5140179858E2004EF89C /* Project object */ = {
			isa = PBXProject;
			attributes = {
				LastUpgradeCheck = 0460;
				ORGANIZATIONNAME = "Brian Dinh";
			};
			buildConfigurationList = B8DC5143179858E2004EF89C /* Build configuration list for PBXProject "Touches" */;
			compatibilityVersion = "Xcode 3.2";
			developmentRegion = English;
			hasScannedForEncodings = 0;
			knownRegions = (
				en,
			);
			mainGroup = B8DC513F179858E2004EF89C;
			productRefGroup = B8DC5149179858E2004EF89C /* Products */;
			projectDirPath = "";
			projectRoot = "";
			targets = (
				B8DC5147179858E2004EF89C /* Touches */,
			);
		};
/* End PBXProject section */

/* Begin PBXResourcesBuildPhase section */
		B8DC5146179858E2004EF89C /* Resources */ = {
			isa = PBXResourcesBuildPhase;
			buildActionMask = 2147483647;
			files = (
				B8DC5156179858E2004EF89C /* InfoPlist.strings in Resources */,
				B8DC515E179858E2004EF89C /* Default.png in Resources */,
				B8DC5160179858E2004EF89C /* Default@2x.png in Resources */,
				B8DC5162179858E2004EF89C /* Default-568h@2x.png in Resources */,
				B8DC5168179858E2004EF89C /* ViewController.xib in Resources */,
			);
			runOnlyForDeploymentPostprocessing = 0;
		};
/* End PBXResourcesBuildPhase section */

/* Begin PBXSourcesBuildPhase section */
		B8DC5144179858E2004EF89C /* Sources */ = {
			isa = PBXSourcesBuildPhase;
			buildActionMask = 2147483647;
			files = (
				B8DC5158179858E2004EF89C /* main.m in Sources */,
				B8DC515C179858E2004EF89C /* AppDelegate.m in Sources */,
				B8DC5165179858E2004EF89C /* ViewController.m in Sources */,
				B8DC5170179858FB004EF89C /* MyView.m in Sources */,
			);
			runOnlyForDeploymentPostprocessing = 0;
		};
/* End PBXSourcesBuildPhase section */

/* Begin PBXVariantGroup section */
		B8DC5154179858E2004EF89C /* InfoPlist.strings */ = {
			isa = PBXVariantGroup;
			children = (
				B8DC5155179858E2004EF89C /* en */,
			);
			name = InfoPlist.strings;
			sourceTree = "<group>";
		};
		B8DC5166179858E2004EF89C /* ViewController.xib */ = {
			isa = PBXVariantGroup;
			children = (
				B8DC5167179858E2004EF89C /* en */,
			);
			name = ViewController.xib;
			sourceTree = "<group>";
		};
/* End PBXVariantGroup section */

/* Begin XCBuildConfiguration section */
		B8DC5169179858E2004EF89C /* Debug */ = {
			isa = XCBuildConfiguration;
			buildSettings = {
				ALWAYS_SEARCH_USER_PATHS = NO;
				CLANG_CXX_LANGUAGE_STANDARD = "gnu++0x";
				CLANG_CXX_LIBRARY = "libc++";
				CLANG_ENABLE_OBJC_ARC = YES;
				CLANG_WARN_CONSTANT_CONVERSION = YES;
				CLANG_WARN_EMPTY_BODY = YES;
				CLANG_WARN_ENUM_CONVERSION = YES;
				CLANG_WARN_INT_CONVERSION = YES;
				CLANG_WARN__DUPLICATE_METHOD_MATCH = YES;
				"CODE_SIGN_IDENTITY[sdk=iphoneos*]" = "iPhone Developer";
				COPY_PHASE_STRIP = NO;
				GCC_C_LANGUAGE_STANDARD = gnu99;
				GCC_DYNAMIC_NO_PIC = NO;
				GCC_OPTIMIZATION_LEVEL = 0;
				GCC_PREPROCESSOR_DEFINITIONS = (
					"DEBUG=1",
					"$(inherited)",
				);
				GCC_SYMBOLS_PRIVATE_EXTERN = NO;
				GCC_WARN_ABOUT_RETURN_TYPE = YES;
				GCC_WARN_UNINITIALIZED_AUTOS = YES;
				GCC_WARN_UNUSED_VARIABLE = YES;
				IPHONEOS_DEPLOYMENT_TARGET = 6.1;
				ONLY_ACTIVE_ARCH = YES;
				SDKROOT = iphoneos;
			};
			name = Debug;
		};
		B8DC516A179858E2004EF89C /* Release */ = {
			isa = XCBuildConfiguration;
			buildSettings = {
				ALWAYS_SEARCH_USER_PATHS = NO;
				CLANG_CXX_LANGUAGE_STANDARD = "gnu++0x";
				CLANG_CXX_LIBRARY = "libc++";
				CLANG_ENABLE_OBJC_ARC = YES;
				CLANG_WARN_CONSTANT_CONVERSION = YES;
				CLANG_WARN_EMPTY_BODY = YES;
				CLANG_WARN_ENUM_CONVERSION = YES;
				CLANG_WARN_INT_CONVERSION = YES;
				CLANG_WARN__DUPLICATE_METHOD_MATCH = YES;
				"CODE_SIGN_IDENTITY[sdk=iphoneos*]" = "iPhone Developer";
				COPY_PHASE_STRIP = YES;
				GCC_C_LANGUAGE_STANDARD = gnu99;
				GCC_WARN_ABOUT_RETURN_TYPE = YES;
				GCC_WARN_UNINITIALIZED_AUTOS = YES;
				GCC_WARN_UNUSED_VARIABLE = YES;
				IPHONEOS_DEPLOYMENT_TARGET = 6.1;
				OTHER_CFLAGS = "-DNS_BLOCK_ASSERTIONS=1";
				SDKROOT = iphoneos;
				VALIDATE_PRODUCT = YES;
			};
			name = Release;
		};
		B8DC516C179858E2004EF89C /* Debug */ = {
			isa = XCBuildConfiguration;
			buildSettings = {
				GCC_PRECOMPILE_PREFIX_HEADER = YES;
				GCC_PREFIX_HEADER = "Touches/Touches-Prefix.pch";
				INFOPLIST_FILE = "Touches/Touches-Info.plist";
				PRODUCT_NAME = "$(TARGET_NAME)";
				WRAPPER_EXTENSION = app;
			};
			name = Debug;
		};
		B8DC516D179858E2004EF89C /* Release */ = {
			isa = XCBuildConfiguration;
			buildSettings = {
				GCC_PRECOMPILE_PREFIX_HEADER = YES;
				GCC_PREFIX_HEADER = "Touches/Touches-Prefix.pch";
				INFOPLIST_FILE = "Touches/Touches-Info.plist";
				PRODUCT_NAME = "$(TARGET_NAME)";
				WRAPPER_EXTENSION = app;
			};
			name = Release;
		};
/* End XCBuildConfiguration section */

/* Begin XCConfigurationList section */
		B8DC5143179858E2004EF89C /* Build configuration list for PBXProject "Touches" */ = {
			isa = XCConfigurationList;
			buildConfigurations = (
				B8DC5169179858E2004EF89C /* Debug */,
				B8DC516A179858E2004EF89C /* Release */,
			);
			defaultConfigurationIsVisible = 0;
			defaultConfigurationName = Release;
		};
		B8DC516B179858E2004EF89C /* Build configuration list for PBXNativeTarget "Touches" */ = {
			isa = XCConfigurationList;
			buildConfigurations = (
				B8DC516C179858E2004EF89C /* Debug */,
				B8DC516D179858E2004EF89C /* Release */,
			);
			defaultConfigurationIsVisible = 0;
		};
/* End XCConfigurationList section */
	};
	rootObject = B8DC5140179858E2004EF89C /* Project object */;
}
